{
    "name": "hello-wallet",
    "version": "1.0.0",
    "lockfileVersion": 3,
    "requires": true,
    "packages": {
        "": {
            "name": "hello-wallet",
            "version": "1.0.0",
            "license": "ISC",
            "dependencies": {
                "@eversdk/appkit": "^0",
                "@eversdk/core": "^1",
                "@eversdk/lib-node": "^1"
            }
        },
        "node_modules/@eversdk/appkit": {
            "version": "0.3.8",
            "resolved": "https://registry.npmjs.org/@eversdk/appkit/-/appkit-0.3.8.tgz",
            "integrity": "sha512-YT7ZLE2B+lwneMjtnvP46joo4u3i4uesKKU0NR18pwOox4UvSQPfVckLP8LSQuhVZetsxZ1slu+9NJIDP0sUwg==",
            "dependencies": {
                "@eversdk/core": "^1.38.1"
            },
            "engines": {
                "node": ">=6"
            }
        },
        "node_modules/@eversdk/core": {
            "version": "1.42.1",
            "resolved": "https://registry.npmjs.org/@eversdk/core/-/core-1.42.1.tgz",
            "integrity": "sha512-Wm93n/t6rBhGmbkV7OEsB+/DAD5OfCNOyhNARPWqBmjNLiamHLhzsO8LC293WM2Z4UxT9N0Gp4PsL2V6mrliaA==",
            "engines": {
                "node": ">=6"
            }
        },
        "node_modules/@eversdk/lib-node": {
            "version": "1.42.1",
            "resolved": "https://registry.npmjs.org/@eversdk/lib-node/-/lib-node-1.42.1.tgz",
            "integrity": "sha512-STLOP500pwGOrxeL/zkBG7Zscwc4BkTdDVqJ7pswPcfrWq5FBuk9H2nolXjQ85RZHF9eisGH9WBVSddHmzR1eg==",
            "hasInstallScript": true,
            "engines": {
                "node": ">=6"
            }
        }
    }
}
